
Microsoft Visual Studio Solution File, Format Version 12.00
# Visual Studio Version 17
VisualStudioVersion = 17.8.34112.27
MinimumVisualStudioVersion = 10.0.40219.1
Project("{FAE04EC0-301F-11D3-BF4B-00C04F79EFBC}") = "Kelime_Ogren", "Kelime_Ogren\Kelime_Ogren.csproj", "{7FB80F9D-0B16-41FB-9A3D-D80528FA1144}"
EndProject
Global
	GlobalSection(SolutionConfigurationPlatforms) = preSolution
		Debug|Any CPU = Debug|Any CPU
		Release|Any CPU = Release|Any CPU
	EndGlobalSection
	GlobalSection(ProjectConfigurationPlatforms) = postSolution
		{7FB80F9D-0B16-41FB-9A3D-D80528FA1144}.Debug|Any CPU.ActiveCfg = Debug|Any CPU
		{7FB80F9D-0B16-41FB-9A3D-D80528FA1144}.Debug|Any CPU.Build.0 = Debug|Any CPU
		{7FB80F9D-0B16-41FB-9A3D-D80528FA1144}.Release|Any CPU.ActiveCfg = Release|Any CPU
		{7FB80F9D-0B16-41FB-9A3D-D80528FA1144}.Release|Any CPU.Build.0 = Release|Any CPU
	EndGlobalSection
	GlobalSection(SolutionProperties) = preSolution
		HideSolutionNode = FALSE
	EndGlobalSection
	GlobalSection(ExtensibilityGlobals) = postSolution
		SolutionGuid = {4006613B-758C-44D8-878A-0B752D51017F}
	EndGlobalSection
EndGlobal
